
Microsoft Visual Studio Solution File, Format Version 12.00
# Visual Studio Version 17
VisualStudioVersion = 17.0.31903.59
MinimumVisualStudioVersion = 10.0.40219.1
Project("{FAE04EC0-301F-11D3-BF4B-00C04F79EFBC}") = "QuickBite.DeliveryAgent.API", "QuickBite.DeliveryAgent.API\QuickBite.DeliveryAgent.API.csproj", "{86903BE1-8483-46F6-B18C-4EA57884F184}"
EndProject
Project("{FAE04EC0-301F-11D3-BF4B-00C04F79EFBC}") = "QuickBite.DeliveryAgent.Application", "QuickBite.DeliveryAgent.Application\QuickBite.DeliveryAgent.Application.csproj", "{20FEAD16-E265-4681-964D-5888A35B31CF}"
EndProject
Project("{FAE04EC0-301F-11D3-BF4B-00C04F79EFBC}") = "QuickBite.DeliveryAgent.Domain", "QuickBite.DeliveryAgent.Domain\QuickBite.DeliveryAgent.Domain.csproj", "{8667B673-F838-42B1-9554-E24CE6923FF1}"
EndProject
Project("{FAE04EC0-301F-11D3-BF4B-00C04F79EFBC}") = "QuickBite.DeliveryAgent.Infrastructure", "QuickBite.DeliveryAgent.Infrastructure\QuickBite.DeliveryAgent.Infrastructure.csproj", "{F5B52AA2-6C10-477E-8B2B-8D1442C4B140}"
EndProject
Global
	GlobalSection(SolutionConfigurationPlatforms) = preSolution
		Debug|Any CPU = Debug|Any CPU
		Debug|x64 = Debug|x64
		Debug|x86 = Debug|x86
		Release|Any CPU = Release|Any CPU
		Release|x64 = Release|x64
		Release|x86 = Release|x86
	EndGlobalSection
	GlobalSection(ProjectConfigurationPlatforms) = postSolution
		{86903BE1-8483-46F6-B18C-4EA57884F184}.Debug|Any CPU.ActiveCfg = Debug|Any CPU
		{86903BE1-8483-46F6-B18C-4EA57884F184}.Debug|Any CPU.Build.0 = Debug|Any CPU
		{86903BE1-8483-46F6-B18C-4EA57884F184}.Debug|x64.ActiveCfg = Debug|Any CPU
		{86903BE1-8483-46F6-B18C-4EA57884F184}.Debug|x64.Build.0 = Debug|Any CPU
		{86903BE1-8483-46F6-B18C-4EA57884F184}.Debug|x86.ActiveCfg = Debug|Any CPU
		{86903BE1-8483-46F6-B18C-4EA57884F184}.Debug|x86.Build.0 = Debug|Any CPU
		{86903BE1-8483-46F6-B18C-4EA57884F184}.Release|Any CPU.ActiveCfg = Release|Any CPU
		{86903BE1-8483-46F6-B18C-4EA57884F184}.Release|Any CPU.Build.0 = Release|Any CPU
		{86903BE1-8483-46F6-B18C-4EA57884F184}.Release|x64.ActiveCfg = Release|Any CPU
		{86903BE1-8483-46F6-B18C-4EA57884F184}.Release|x64.Build.0 = Release|Any CPU
		{86903BE1-8483-46F6-B18C-4EA57884F184}.Release|x86.ActiveCfg = Release|Any CPU
		{86903BE1-8483-46F6-B18C-4EA57884F184}.Release|x86.Build.0 = Release|Any CPU
		{20FEAD16-E265-4681-964D-5888A35B31CF}.Debug|Any CPU.ActiveCfg = Debug|Any CPU
		{20FEAD16-E265-4681-964D-5888A35B31CF}.Debug|Any CPU.Build.0 = Debug|Any CPU
		{20FEAD16-E265-4681-964D-5888A35B31CF}.Debug|x64.ActiveCfg = Debug|Any CPU
		{20FEAD16-E265-4681-964D-5888A35B31CF}.Debug|x64.Build.0 = Debug|Any CPU
		{20FEAD16-E265-4681-964D-5888A35B31CF}.Debug|x86.ActiveCfg = Debug|Any CPU
		{20FEAD16-E265-4681-964D-5888A35B31CF}.Debug|x86.Build.0 = Debug|Any CPU
		{20FEAD16-E265-4681-964D-5888A35B31CF}.Release|Any CPU.ActiveCfg = Release|Any CPU
		{20FEAD16-E265-4681-964D-5888A35B31CF}.Release|Any CPU.Build.0 = Release|Any CPU
		{20FEAD16-E265-4681-964D-5888A35B31CF}.Release|x64.ActiveCfg = Release|Any CPU
		{20FEAD16-E265-4681-964D-5888A35B31CF}.Release|x64.Build.0 = Release|Any CPU
		{20FEAD16-E265-4681-964D-5888A35B31CF}.Release|x86.ActiveCfg = Release|Any CPU
		{20FEAD16-E265-4681-964D-5888A35B31CF}.Release|x86.Build.0 = Release|Any CPU
		{8667B673-F838-42B1-9554-E24CE6923FF1}.Debug|Any CPU.ActiveCfg = Debug|Any CPU
		{8667B673-F838-42B1-9554-E24CE6923FF1}.Debug|Any CPU.Build.0 = Debug|Any CPU
		{8667B673-F838-42B1-9554-E24CE6923FF1}.Debug|x64.ActiveCfg = Debug|Any CPU
		{8667B673-F838-42B1-9554-E24CE6923FF1}.Debug|x64.Build.0 = Debug|Any CPU
		{8667B673-F838-42B1-9554-E24CE6923FF1}.Debug|x86.ActiveCfg = Debug|Any CPU
		{8667B673-F838-42B1-9554-E24CE6923FF1}.Debug|x86.Build.0 = Debug|Any CPU
		{8667B673-F838-42B1-9554-E24CE6923FF1}.Release|Any CPU.ActiveCfg = Release|Any CPU
		{8667B673-F838-42B1-9554-E24CE6923FF1}.Release|Any CPU.Build.0 = Release|Any CPU
		{8667B673-F838-42B1-9554-E24CE6923FF1}.Release|x64.ActiveCfg = Release|Any CPU
		{8667B673-F838-42B1-9554-E24CE6923FF1}.Release|x64.Build.0 = Release|Any CPU
		{8667B673-F838-42B1-9554-E24CE6923FF1}.Release|x86.ActiveCfg = Release|Any CPU
		{8667B673-F838-42B1-9554-E24CE6923FF1}.Release|x86.Build.0 = Release|Any CPU
		{F5B52AA2-6C10-477E-8B2B-8D1442C4B140}.Debug|Any CPU.ActiveCfg = Debug|Any CPU
		{F5B52AA2-6C10-477E-8B2B-8D1442C4B140}.Debug|Any CPU.Build.0 = Debug|Any CPU
		{F5B52AA2-6C10-477E-8B2B-8D1442C4B140}.Debug|x64.ActiveCfg = Debug|Any CPU
		{F5B52AA2-6C10-477E-8B2B-8D1442C4B140}.Debug|x64.Build.0 = Debug|Any CPU
		{F5B52AA2-6C10-477E-8B2B-8D1442C4B140}.Debug|x86.ActiveCfg = Debug|Any CPU
		{F5B52AA2-6C10-477E-8B2B-8D1442C4B140}.Debug|x86.Build.0 = Debug|Any CPU
		{F5B52AA2-6C10-477E-8B2B-8D1442C4B140}.Release|Any CPU.ActiveCfg = Release|Any CPU
		{F5B52AA2-6C10-477E-8B2B-8D1442C4B140}.Release|Any CPU.Build.0 = Release|Any CPU
		{F5B52AA2-6C10-477E-8B2B-8D1442C4B140}.Release|x64.ActiveCfg = Release|Any CPU
		{F5B52AA2-6C10-477E-8B2B-8D1442C4B140}.Release|x64.Build.0 = Release|Any CPU
		{F5B52AA2-6C10-477E-8B2B-8D1442C4B140}.Release|x86.ActiveCfg = Release|Any CPU
		{F5B52AA2-6C10-477E-8B2B-8D1442C4B140}.Release|x86.Build.0 = Release|Any CPU
	EndGlobalSection
	GlobalSection(SolutionProperties) = preSolution
		HideSolutionNode = FALSE
	EndGlobalSection
EndGlobal
